
Microsoft Visual Studio Solution File, Format Version 12.00
# Visual Studio Version 17
VisualStudioVersion = 17.12.35514.174 d17.12
MinimumVisualStudioVersion = 10.0.40219.1
Project("{FAE04EC0-301F-11D3-BF4B-00C04F79EFBC}") = "FormulaCuadraticaMVVMQ12025", "FormulaCuadraticaMVVMQ12025\FormulaCuadraticaMVVMQ12025.csproj", "{1F619E35-BE4C-4D46-A23A-8726FA48A645}"
EndProject
Global
	GlobalSection(SolutionConfigurationPlatforms) = preSolution
		Debug|Any CPU = Debug|Any CPU
		Release|Any CPU = Release|Any CPU
	EndGlobalSection
	GlobalSection(ProjectConfigurationPlatforms) = postSolution
		{1F619E35-BE4C-4D46-A23A-8726FA48A645}.Debug|Any CPU.ActiveCfg = Debug|Any CPU
		{1F619E35-BE4C-4D46-A23A-8726FA48A645}.Debug|Any CPU.Build.0 = Debug|Any CPU
		{1F619E35-BE4C-4D46-A23A-8726FA48A645}.Debug|Any CPU.Deploy.0 = Debug|Any CPU
		{1F619E35-BE4C-4D46-A23A-8726FA48A645}.Release|Any CPU.ActiveCfg = Release|Any CPU
		{1F619E35-BE4C-4D46-A23A-8726FA48A645}.Release|Any CPU.Build.0 = Release|Any CPU
		{1F619E35-BE4C-4D46-A23A-8726FA48A645}.Release|Any CPU.Deploy.0 = Release|Any CPU
	EndGlobalSection
	GlobalSection(SolutionProperties) = preSolution
		HideSolutionNode = FALSE
	EndGlobalSection
EndGlobal
